// !$*UTF8*$!
{
	archiveVersion = 1;
	classes = {
	};
	objectVersion = 52;
	objects = {

/* Begin PBXBuildFile section */
		77C0C33226A5754400406CF8 /* AppDelegate.swift in Sources */ = {isa = PBXBuildFile; fileRef = 77C0C33126A5754400406CF8 /* AppDelegate.swift */; };
		77C0C33426A5754400406CF8 /* SceneDelegate.swift in Sources */ = {isa = PBXBuildFile; fileRef = 77C0C33326A5754400406CF8 /* SceneDelegate.swift */; };
		77C0C33626A5754400406CF8 /* ViewController.swift in Sources */ = {isa = PBXBuildFile; fileRef = 77C0C33526A5754400406CF8 /* ViewController.swift */; };
		77C0C33B26A5754900406CF8 /* Assets.xcassets in Resources */ = {isa = PBXBuildFile; fileRef = 77C0C33A26A5754900406CF8 /* Assets.xcassets */; };
		77C0C33E26A5754900406CF8 /* LaunchScreen.storyboard in Resources */ = {isa = PBXBuildFile; fileRef = 77C0C33C26A5754900406CF8 /* LaunchScreen.storyboard */; };
		77C0C34626A5755D00406CF8 /* Main.storyboard in Resources */ = {isa = PBXBuildFile; fileRef = 77C0C34526A5755D00406CF8 /* Main.storyboard */; };
		77C0C34A26A5756A00406CF8 /* NameRequest.swift in Sources */ = {isa = PBXBuildFile; fileRef = 77C0C34826A5756A00406CF8 /* NameRequest.swift */; };
		77C0C34B26A5756A00406CF8 /* Credentials.swift in Sources */ = {isa = PBXBuildFile; fileRef = 77C0C34926A5756A00406CF8 /* Credentials.swift */; };
		77C0C34D26A5757200406CF8 /* SignUpRequest.swift in Sources */ = {isa = PBXBuildFile; fileRef = 77C0C34C26A5757200406CF8 /* SignUpRequest.swift */; };
		77C0C35026A5768500406CF8 /* RxSwift in Frameworks */ = {isa = PBXBuildFile; productRef = 77C0C34F26A5768500406CF8 /* RxSwift */; };
		77C0C35226A5768500406CF8 /* RxCocoa in Frameworks */ = {isa = PBXBuildFile; productRef = 77C0C35126A5768500406CF8 /* RxCocoa */; };
		77C0C35426A5768500406CF8 /* RxRelay in Frameworks */ = {isa = PBXBuildFile; productRef = 77C0C35326A5768500406CF8 /* RxRelay */; };
/* End PBXBuildFile section */

/* Begin PBXFileReference section */
		77C0C32E26A5754400406CF8 /* SignUpRx.app */ = {isa = PBXFileReference; explicitFileType = wrapper.application; includeInIndex = 0; path = SignUpRx.app; sourceTree = BUILT_PRODUCTS_DIR; };
		77C0C33126A5754400406CF8 /* AppDelegate.swift */ = {isa = PBXFileReference; lastKnownFileType = sourcecode.swift; path = AppDelegate.swift; sourceTree = "<group>"; };
		77C0C33326A5754400406CF8 /* SceneDelegate.swift */ = {isa = PBXFileReference; lastKnownFileType = sourcecode.swift; path = SceneDelegate.swift; sourceTree = "<group>"; };
		77C0C33526A5754400406CF8 /* ViewController.swift */ = {isa = PBXFileReference; lastKnownFileType = sourcecode.swift; path = ViewController.swift; sourceTree = "<group>"; };
		77C0C33A26A5754900406CF8 /* Assets.xcassets */ = {isa = PBXFileReference; lastKnownFileType = folder.assetcatalog; path = Assets.xcassets; sourceTree = "<group>"; };
		77C0C33D26A5754900406CF8 /* Base */ = {isa = PBXFileReference; lastKnownFileType = file.storyboard; name = Base; path = Base.lproj/LaunchScreen.storyboard; sourceTree = "<group>"; };
		77C0C33F26A5754900406CF8 /* Info.plist */ = {isa = PBXFileReference; lastKnownFileType = text.plist.xml; path = Info.plist; sourceTree = "<group>"; };
		77C0C34526A5755D00406CF8 /* Main.storyboard */ = {isa = PBXFileReference; fileEncoding = 4; lastKnownFileType = file.storyboard; path = Main.storyboard; sourceTree = "<group>"; };
		77C0C34826A5756A00406CF8 /* NameRequest.swift */ = {isa = PBXFileReference; fileEncoding = 4; lastKnownFileType = sourcecode.swift; path = NameRequest.swift; sourceTree = "<group>"; };
		77C0C34926A5756A00406CF8 /* Credentials.swift */ = {isa = PBXFileReference; fileEncoding = 4; lastKnownFileType = sourcecode.swift; path = Credentials.swift; sourceTree = "<group>"; };
		77C0C34C26A5757200406CF8 /* SignUpRequest.swift */ = {isa = PBXFileReference; lastKnownFileType = sourcecode.swift; path = SignUpRequest.swift; sourceTree = "<group>"; };
/* End PBXFileReference section */

/* Begin PBXFrameworksBuildPhase section */
		77C0C32B26A5754400406CF8 /* Frameworks */ = {
			isa = PBXFrameworksBuildPhase;
			buildActionMask = 2147483647;
			files = (
				77C0C35426A5768500406CF8 /* RxRelay in Frameworks */,
				77C0C35226A5768500406CF8 /* RxCocoa in Frameworks */,
				77C0C35026A5768500406CF8 /* RxSwift in Frameworks */,
			);
			runOnlyForDeploymentPostprocessing = 0;
		};
/* End PBXFrameworksBuildPhase section */

/* Begin PBXGroup section */
		77C0C32526A5754400406CF8 = {
			isa = PBXGroup;
			children = (
				77C0C33026A5754400406CF8 /* SignUpRx */,
				77C0C32F26A5754400406CF8 /* Products */,
			);
			sourceTree = "<group>";
		};
		77C0C32F26A5754400406CF8 /* Products */ = {
			isa = PBXGroup;
			children = (
				77C0C32E26A5754400406CF8 /* SignUpRx.app */,
			);
			name = Products;
			sourceTree = "<group>";
		};
		77C0C33026A5754400406CF8 /* SignUpRx */ = {
			isa = PBXGroup;
			children = (
				77C0C34726A5756A00406CF8 /* Model */,
				77C0C33126A5754400406CF8 /* AppDelegate.swift */,
				77C0C33326A5754400406CF8 /* SceneDelegate.swift */,
				77C0C33526A5754400406CF8 /* ViewController.swift */,
				77C0C34526A5755D00406CF8 /* Main.storyboard */,
				77C0C33A26A5754900406CF8 /* Assets.xcassets */,
				77C0C33C26A5754900406CF8 /* LaunchScreen.storyboard */,
				77C0C33F26A5754900406CF8 /* Info.plist */,
			);
			path = SignUpRx;
			sourceTree = "<group>";
		};
		77C0C34726A5756A00406CF8 /* Model */ = {
			isa = PBXGroup;
			children = (
				77C0C34826A5756A00406CF8 /* NameRequest.swift */,
				77C0C34C26A5757200406CF8 /* SignUpRequest.swift */,
				77C0C34926A5756A00406CF8 /* Credentials.swift */,
			);
			path = Model;
			sourceTree = "<group>";
		};
/* End PBXGroup section */

/* Begin PBXNativeTarget section */
		77C0C32D26A5754400406CF8 /* SignUpRx */ = {
			isa = PBXNativeTarget;
			buildConfigurationList = 77C0C34226A5754900406CF8 /* Build configuration list for PBXNativeTarget "SignUpRx" */;
			buildPhases = (
				77C0C32A26A5754400406CF8 /* Sources */,
				77C0C32B26A5754400406CF8 /* Frameworks */,
				77C0C32C26A5754400406CF8 /* Resources */,
			);
			buildRules = (
			);
			dependencies = (
			);
			name = SignUpRx;
			packageProductDependencies = (
				77C0C34F26A5768500406CF8 /* RxSwift */,
				77C0C35126A5768500406CF8 /* RxCocoa */,
				77C0C35326A5768500406CF8 /* RxRelay */,
			);
			productName = SignUpRx;
			productReference = 77C0C32E26A5754400406CF8 /* SignUpRx.app */;
			productType = "com.apple.product-type.application";
		};
/* End PBXNativeTarget section */

/* Begin PBXProject section */
		77C0C32626A5754400406CF8 /* Project object */ = {
			isa = PBXProject;
			attributes = {
				LastSwiftUpdateCheck = 1250;
				LastUpgradeCheck = 1250;
				TargetAttributes = {
					77C0C32D26A5754400406CF8 = {
						CreatedOnToolsVersion = 12.5.1;
					};
				};
			};
			buildConfigurationList = 77C0C32926A5754400406CF8 /* Build configuration list for PBXProject "SignUpRx" */;
			compatibilityVersion = "Xcode 9.3";
			developmentRegion = en;
			hasScannedForEncodings = 0;
			knownRegions = (
				en,
				Base,
			);
			mainGroup = 77C0C32526A5754400406CF8;
			packageReferences = (
				77C0C34E26A5768500406CF8 /* XCRemoteSwiftPackageReference "RxSwift" */,
			);
			productRefGroup = 77C0C32F26A5754400406CF8 /* Products */;
			projectDirPath = "";
			projectRoot = "";
			targets = (
				77C0C32D26A5754400406CF8 /* SignUpRx */,
			);
		};
/* End PBXProject section */

/* Begin PBXResourcesBuildPhase section */
		77C0C32C26A5754400406CF8 /* Resources */ = {
			isa = PBXResourcesBuildPhase;
			buildActionMask = 2147483647;
			files = (
				77C0C34626A5755D00406CF8 /* Main.storyboard in Resources */,
				77C0C33E26A5754900406CF8 /* LaunchScreen.storyboard in Resources */,
				77C0C33B26A5754900406CF8 /* Assets.xcassets in Resources */,
			);
			runOnlyForDeploymentPostprocessing = 0;
		};
/* End PBXResourcesBuildPhase section */

/* Begin PBXSourcesBuildPhase section */
		77C0C32A26A5754400406CF8 /* Sources */ = {
			isa = PBXSourcesBuildPhase;
			buildActionMask = 2147483647;
			files = (
				77C0C33626A5754400406CF8 /* ViewController.swift in Sources */,
				77C0C33226A5754400406CF8 /* AppDelegate.swift in Sources */,
				77C0C34B26A5756A00406CF8 /* Credentials.swift in Sources */,
				77C0C34A26A5756A00406CF8 /* NameRequest.swift in Sources */,
				77C0C34D26A5757200406CF8 /* SignUpRequest.swift in Sources */,
				77C0C33426A5754400406CF8 /* SceneDelegate.swift in Sources */,
			);
			runOnlyForDeploymentPostprocessing = 0;
		};
/* End PBXSourcesBuildPhase section */

/* Begin PBXVariantGroup section */
		77C0C33C26A5754900406CF8 /* LaunchScreen.storyboard */ = {
			isa = PBXVariantGroup;
			children = (
				77C0C33D26A5754900406CF8 /* Base */,
			);
			name = LaunchScreen.storyboard;
			sourceTree = "<group>";
		};
/* End PBXVariantGroup section */

/* Begin XCBuildConfiguration section */
		77C0C34026A5754900406CF8 /* Debug */ = {
			isa = XCBuildConfiguration;
			buildSettings = {
				ALWAYS_SEARCH_USER_PATHS = NO;
				CLANG_ANALYZER_NONNULL = YES;
				CLANG_ANALYZER_NUMBER_OBJECT_CONVERSION = YES_AGGRESSIVE;
				CLANG_CXX_LANGUAGE_STANDARD = "gnu++14";
				CLANG_CXX_LIBRARY = "libc++";
				CLANG_ENABLE_MODULES = YES;
				CLANG_ENABLE_OBJC_ARC = YES;
				CLANG_ENABLE_OBJC_WEAK = YES;
				CLANG_WARN_BLOCK_CAPTURE_AUTORELEASING = YES;
				CLANG_WARN_BOOL_CONVERSION = YES;
				CLANG_WARN_COMMA = YES;
				CLANG_WARN_CONSTANT_CONVERSION = YES;
				CLANG_WARN_DEPRECATED_OBJC_IMPLEMENTATIONS = YES;
				CLANG_WARN_DIRECT_OBJC_ISA_USAGE = YES_ERROR;
				CLANG_WARN_DOCUMENTATION_COMMENTS = YES;
				CLANG_WARN_EMPTY_BODY = YES;
				CLANG_WARN_ENUM_CONVERSION = YES;
				CLANG_WARN_INFINITE_RECURSION = YES;
				CLANG_WARN_INT_CONVERSION = YES;
				CLANG_WARN_NON_LITERAL_NULL_CONVERSION = YES;
				CLANG_WARN_OBJC_IMPLICIT_RETAIN_SELF = YES;
				CLANG_WARN_OBJC_LITERAL_CONVERSION = YES;
				CLANG_WARN_OBJC_ROOT_CLASS = YES_ERROR;
				CLANG_WARN_QUOTED_INCLUDE_IN_FRAMEWORK_HEADER = YES;
				CLANG_WARN_RANGE_LOOP_ANALYSIS = YES;
				CLANG_WARN_STRICT_PROTOTYPES = YES;
				CLANG_WARN_SUSPICIOUS_MOVE = YES;
				CLANG_WARN_UNGUARDED_AVAILABILITY = YES_AGGRESSIVE;
				CLANG_WARN_UNREACHABLE_CODE = YES;
				CLANG_WARN__DUPLICATE_METHOD_MATCH = YES;
				COPY_PHASE_STRIP = NO;
				DEBUG_INFORMATION_FORMAT = dwarf;
				ENABLE_STRICT_OBJC_MSGSEND = YES;
				ENABLE_TESTABILITY = YES;
				GCC_C_LANGUAGE_STANDARD = gnu11;
				GCC_DYNAMIC_NO_PIC = NO;
				GCC_NO_COMMON_BLOCKS = YES;
				GCC_OPTIMIZATION_LEVEL = 0;
				GCC_PREPROCESSOR_DEFINITIONS = (
					"DEBUG=1",
					"$(inherited)",
				);
				GCC_WARN_64_TO_32_BIT_CONVERSION = YES;
				GCC_WARN_ABOUT_RETURN_TYPE = YES_ERROR;
				GCC_WARN_UNDECLARED_SELECTOR = YES;
				GCC_WARN_UNINITIALIZED_AUTOS = YES_AGGRESSIVE;
				GCC_WARN_UNUSED_FUNCTION = YES;
				GCC_WARN_UNUSED_VARIABLE = YES;
				IPHONEOS_DEPLOYMENT_TARGET = 14.5;
				MTL_ENABLE_DEBUG_INFO = INCLUDE_SOURCE;
				MTL_FAST_MATH = YES;
				ONLY_ACTIVE_ARCH = YES;
				SDKROOT = iphoneos;
				SWIFT_ACTIVE_COMPILATION_CONDITIONS = DEBUG;
				SWIFT_OPTIMIZATION_LEVEL = "-Onone";
			};
			name = Debug;
		};
		77C0C34126A5754900406CF8 /* Release */ = {
			isa = XCBuildConfiguration;
			buildSettings = {
				ALWAYS_SEARCH_USER_PATHS = NO;
				CLANG_ANALYZER_NONNULL = YES;
				CLANG_ANALYZER_NUMBER_OBJECT_CONVERSION = YES_AGGRESSIVE;
				CLANG_CXX_LANGUAGE_STANDARD = "gnu++14";
				CLANG_CXX_LIBRARY = "libc++";
				CLANG_ENABLE_MODULES = YES;
				CLANG_ENABLE_OBJC_ARC = YES;
				CLANG_ENABLE_OBJC_WEAK = YES;
				CLANG_WARN_BLOCK_CAPTURE_AUTORELEASING = YES;
				CLANG_WARN_BOOL_CONVERSION = YES;
				CLANG_WARN_COMMA = YES;
				CLANG_WARN_CONSTANT_CONVERSION = YES;
				CLANG_WARN_DEPRECATED_OBJC_IMPLEMENTATIONS = YES;
				CLANG_WARN_DIRECT_OBJC_ISA_USAGE = YES_ERROR;
				CLANG_WARN_DOCUMENTATION_COMMENTS = YES;
				CLANG_WARN_EMPTY_BODY = YES;
				CLANG_WARN_ENUM_CONVERSION = YES;
				CLANG_WARN_INFINITE_RECURSION = YES;
				CLANG_WARN_INT_CONVERSION = YES;
				CLANG_WARN_NON_LITERAL_NULL_CONVERSION = YES;
				CLANG_WARN_OBJC_IMPLICIT_RETAIN_SELF = YES;
				CLANG_WARN_OBJC_LITERAL_CONVERSION = YES;
				CLANG_WARN_OBJC_ROOT_CLASS = YES_ERROR;
				CLANG_WARN_QUOTED_INCLUDE_IN_FRAMEWORK_HEADER = YES;
				CLANG_WARN_RANGE_LOOP_ANALYSIS = YES;
				CLANG_WARN_STRICT_PROTOTYPES = YES;
				CLANG_WARN_SUSPICIOUS_MOVE = YES;
				CLANG_WARN_UNGUARDED_AVAILABILITY = YES_AGGRESSIVE;
				CLANG_WARN_UNREACHABLE_CODE = YES;
				CLANG_WARN__DUPLICATE_METHOD_MATCH = YES;
				COPY_PHASE_STRIP = NO;
				DEBUG_INFORMATION_FORMAT = "dwarf-with-dsym";
				ENABLE_NS_ASSERTIONS = NO;
				ENABLE_STRICT_OBJC_MSGSEND = YES;
				GCC_C_LANGUAGE_STANDARD = gnu11;
				GCC_NO_COMMON_BLOCKS = YES;
				GCC_WARN_64_TO_32_BIT_CONVERSION = YES;
				GCC_WARN_ABOUT_RETURN_TYPE = YES_ERROR;
				GCC_WARN_UNDECLARED_SELECTOR = YES;
				GCC_WARN_UNINITIALIZED_AUTOS = YES_AGGRESSIVE;
				GCC_WARN_UNUSED_FUNCTION = YES;
				GCC_WARN_UNUSED_VARIABLE = YES;
				IPHONEOS_DEPLOYMENT_TARGET = 14.5;
				MTL_ENABLE_DEBUG_INFO = NO;
				MTL_FAST_MATH = YES;
				SDKROOT = iphoneos;
				SWIFT_COMPILATION_MODE = wholemodule;
				SWIFT_OPTIMIZATION_LEVEL = "-O";
				VALIDATE_PRODUCT = YES;
			};
			name = Release;
		};
		77C0C34326A5754900406CF8 /* Debug */ = {
			isa = XCBuildConfiguration;
			buildSettings = {
				ASSETCATALOG_COMPILER_APPICON_NAME = AppIcon;
				ASSETCATALOG_COMPILER_GLOBAL_ACCENT_COLOR_NAME = AccentColor;
				CODE_SIGN_STYLE = Automatic;
				DEVELOPMENT_TEAM = 53D9E75CA3;
				INFOPLIST_FILE = SignUpRx/Info.plist;
				LD_RUNPATH_SEARCH_PATHS = (
					"$(inherited)",
					"@executable_path/Frameworks",
				);
				PRODUCT_BUNDLE_IDENTIFIER = com.daftmobile.SignUpRx;
				PRODUCT_NAME = "$(TARGET_NAME)";
				SWIFT_VERSION = 5.0;
				TARGETED_DEVICE_FAMILY = "1,2";
			};
			name = Debug;
		};
		77C0C34426A5754900406CF8 /* Release */ = {
			isa = XCBuildConfiguration;
			buildSettings = {
				ASSETCATALOG_COMPILER_APPICON_NAME = AppIcon;
				ASSETCATALOG_COMPILER_GLOBAL_ACCENT_COLOR_NAME = AccentColor;
				CODE_SIGN_STYLE = Automatic;
				DEVELOPMENT_TEAM = 53D9E75CA3;
				INFOPLIST_FILE = SignUpRx/Info.plist;
				LD_RUNPATH_SEARCH_PATHS = (
					"$(inherited)",
					"@executable_path/Frameworks",
				);
				PRODUCT_BUNDLE_IDENTIFIER = com.daftmobile.SignUpRx;
				PRODUCT_NAME = "$(TARGET_NAME)";
				SWIFT_VERSION = 5.0;
				TARGETED_DEVICE_FAMILY = "1,2";
			};
			name = Release;
		};
/* End XCBuildConfiguration section */

/* Begin XCConfigurationList section */
		77C0C32926A5754400406CF8 /* Build configuration list for PBXProject "SignUpRx" */ = {
			isa = XCConfigurationList;
			buildConfigurations = (
				77C0C34026A5754900406CF8 /* Debug */,
				77C0C34126A5754900406CF8 /* Release */,
			);
			defaultConfigurationIsVisible = 0;
			defaultConfigurationName = Release;
		};
		77C0C34226A5754900406CF8 /* Build configuration list for PBXNativeTarget "SignUpRx" */ = {
			isa = XCConfigurationList;
			buildConfigurations = (
				77C0C34326A5754900406CF8 /* Debug */,
				77C0C34426A5754900406CF8 /* Release */,
			);
			defaultConfigurationIsVisible = 0;
			defaultConfigurationName = Release;
		};
/* End XCConfigurationList section */

/* Begin XCRemoteSwiftPackageReference section */
		77C0C34E26A5768500406CF8 /* XCRemoteSwiftPackageReference "RxSwift" */ = {
			isa = XCRemoteSwiftPackageReference;
			repositoryURL = "https://github.com/ReactiveX/RxSwift.git";
			requirement = {
				kind = upToNextMajorVersion;
				minimumVersion = 6.2.0;
			};
		};
/* End XCRemoteSwiftPackageReference section */

/* Begin XCSwiftPackageProductDependency section */
		77C0C34F26A5768500406CF8 /* RxSwift */ = {
			isa = XCSwiftPackageProductDependency;
			package = 77C0C34E26A5768500406CF8 /* XCRemoteSwiftPackageReference "RxSwift" */;
			productName = RxSwift;
		};
		77C0C35126A5768500406CF8 /* RxCocoa */ = {
			isa = XCSwiftPackageProductDependency;
			package = 77C0C34E26A5768500406CF8 /* XCRemoteSwiftPackageReference "RxSwift" */;
			productName = RxCocoa;
		};
		77C0C35326A5768500406CF8 /* RxRelay */ = {
			isa = XCSwiftPackageProductDependency;
			package = 77C0C34E26A5768500406CF8 /* XCRemoteSwiftPackageReference "RxSwift" */;
			productName = RxRelay;
		};
/* End XCSwiftPackageProductDependency section */
	};
	rootObject = 77C0C32626A5754400406CF8 /* Project object */;
}
